
Microsoft Visual Studio Solution File, Format Version 12.00
# Visual Studio 15
VisualStudioVersion = 15.0.28010.2019
MinimumVisualStudioVersion = 10.0.40219.1
Project("{FAE04EC0-301F-11D3-BF4B-00C04F79EFBC}") = "Notepad_X", "Notepad_X\Notepad_X.csproj", "{B0D42C1B-3382-4F7E-8C05-0F55559AF3CE}"
EndProject
Global
	GlobalSection(SolutionConfigurationPlatforms) = preSolution
		Debug|Any CPU = Debug|Any CPU
		Release|Any CPU = Release|Any CPU
	EndGlobalSection
	GlobalSection(ProjectConfigurationPlatforms) = postSolution
		{B0D42C1B-3382-4F7E-8C05-0F55559AF3CE}.Debug|Any CPU.ActiveCfg = Debug|Any CPU
		{B0D42C1B-3382-4F7E-8C05-0F55559AF3CE}.Debug|Any CPU.Build.0 = Debug|Any CPU
		{B0D42C1B-3382-4F7E-8C05-0F55559AF3CE}.Release|Any CPU.ActiveCfg = Release|Any CPU
		{B0D42C1B-3382-4F7E-8C05-0F55559AF3CE}.Release|Any CPU.Build.0 = Release|Any CPU
	EndGlobalSection
	GlobalSection(SolutionProperties) = preSolution
		HideSolutionNode = FALSE
	EndGlobalSection
	GlobalSection(ExtensibilityGlobals) = postSolution
		SolutionGuid = {D3D0BF04-D0C7-4A7B-9BAF-D2A122BDDA5C}
	EndGlobalSection
EndGlobal
