
Microsoft Visual Studio Solution File, Format Version 12.00
# Visual Studio Version 16
VisualStudioVersion = 16.0.29728.190
MinimumVisualStudioVersion = 10.0.40219.1
Project("{FAE04EC0-301F-11D3-BF4B-00C04F79EFBC}") = "DnD Creator", "DnD Creator\DnD Creator.csproj", "{F77C602A-9DBE-4705-B72B-B261CCF7E841}"
EndProject
Global
	GlobalSection(SolutionConfigurationPlatforms) = preSolution
		Debug|Any CPU = Debug|Any CPU
		Release|Any CPU = Release|Any CPU
	EndGlobalSection
	GlobalSection(ProjectConfigurationPlatforms) = postSolution
		{F77C602A-9DBE-4705-B72B-B261CCF7E841}.Debug|Any CPU.ActiveCfg = Debug|Any CPU
		{F77C602A-9DBE-4705-B72B-B261CCF7E841}.Debug|Any CPU.Build.0 = Debug|Any CPU
		{F77C602A-9DBE-4705-B72B-B261CCF7E841}.Release|Any CPU.ActiveCfg = Release|Any CPU
		{F77C602A-9DBE-4705-B72B-B261CCF7E841}.Release|Any CPU.Build.0 = Release|Any CPU
	EndGlobalSection
	GlobalSection(SolutionProperties) = preSolution
		HideSolutionNode = FALSE
	EndGlobalSection
	GlobalSection(ExtensibilityGlobals) = postSolution
		SolutionGuid = {86CF517D-A1D9-481F-9D57-46345176C1FE}
	EndGlobalSection
EndGlobal
