
Microsoft Visual Studio Solution File, Format Version 12.00
# Visual Studio 15
VisualStudioVersion = 15.0.28010.2050
MinimumVisualStudioVersion = 10.0.40219.1
Project("{FAE04EC0-301F-11D3-BF4B-00C04F79EFBC}") = "colourRing", "colourRing\colourRing.csproj", "{72DCC83D-0694-45D5-B999-3EBA05640E06}"
EndProject
Global
	GlobalSection(SolutionConfigurationPlatforms) = preSolution
		Debug|Any CPU = Debug|Any CPU
		Release|Any CPU = Release|Any CPU
	EndGlobalSection
	GlobalSection(ProjectConfigurationPlatforms) = postSolution
		{72DCC83D-0694-45D5-B999-3EBA05640E06}.Debug|Any CPU.ActiveCfg = Debug|Any CPU
		{72DCC83D-0694-45D5-B999-3EBA05640E06}.Debug|Any CPU.Build.0 = Debug|Any CPU
		{72DCC83D-0694-45D5-B999-3EBA05640E06}.Release|Any CPU.ActiveCfg = Release|Any CPU
		{72DCC83D-0694-45D5-B999-3EBA05640E06}.Release|Any CPU.Build.0 = Release|Any CPU
	EndGlobalSection
	GlobalSection(SolutionProperties) = preSolution
		HideSolutionNode = FALSE
	EndGlobalSection
	GlobalSection(ExtensibilityGlobals) = postSolution
		SolutionGuid = {3215344F-4BD3-44CC-8CA7-51A9FAAAD622}
	EndGlobalSection
EndGlobal
