
Microsoft Visual Studio Solution File, Format Version 12.00
# Visual Studio 15
VisualStudioVersion = 15.0.28010.2050
MinimumVisualStudioVersion = 10.0.40219.1
Project("{FAE04EC0-301F-11D3-BF4B-00C04F79EFBC}") = "helloworld", "helloworld\helloworld.csproj", "{48B5DE43-B906-4D3C-9B10-B6165B5E5961}"
EndProject
Global
	GlobalSection(SolutionConfigurationPlatforms) = preSolution
		Debug|Any CPU = Debug|Any CPU
		Release|Any CPU = Release|Any CPU
	EndGlobalSection
	GlobalSection(ProjectConfigurationPlatforms) = postSolution
		{48B5DE43-B906-4D3C-9B10-B6165B5E5961}.Debug|Any CPU.ActiveCfg = Debug|Any CPU
		{48B5DE43-B906-4D3C-9B10-B6165B5E5961}.Debug|Any CPU.Build.0 = Debug|Any CPU
		{48B5DE43-B906-4D3C-9B10-B6165B5E5961}.Release|Any CPU.ActiveCfg = Release|Any CPU
		{48B5DE43-B906-4D3C-9B10-B6165B5E5961}.Release|Any CPU.Build.0 = Release|Any CPU
	EndGlobalSection
	GlobalSection(SolutionProperties) = preSolution
		HideSolutionNode = FALSE
	EndGlobalSection
	GlobalSection(ExtensibilityGlobals) = postSolution
		SolutionGuid = {35FF1240-805B-4616-A878-3942CC5E18A4}
	EndGlobalSection
EndGlobal
