
Microsoft Visual Studio Solution File, Format Version 12.00
# Visual Studio Version 16
VisualStudioVersion = 16.0.29215.179
MinimumVisualStudioVersion = 10.0.40219.1
Project("{FAE04EC0-301F-11D3-BF4B-00C04F79EFBC}") = "bouncingBall", "bouncingBall\bouncingBall.csproj", "{4EFCE961-D6F5-430F-A798-2FF4927C246F}"
EndProject
Global
	GlobalSection(SolutionConfigurationPlatforms) = preSolution
		Debug|Any CPU = Debug|Any CPU
		Release|Any CPU = Release|Any CPU
	EndGlobalSection
	GlobalSection(ProjectConfigurationPlatforms) = postSolution
		{4EFCE961-D6F5-430F-A798-2FF4927C246F}.Debug|Any CPU.ActiveCfg = Debug|Any CPU
		{4EFCE961-D6F5-430F-A798-2FF4927C246F}.Debug|Any CPU.Build.0 = Debug|Any CPU
		{4EFCE961-D6F5-430F-A798-2FF4927C246F}.Release|Any CPU.ActiveCfg = Release|Any CPU
		{4EFCE961-D6F5-430F-A798-2FF4927C246F}.Release|Any CPU.Build.0 = Release|Any CPU
	EndGlobalSection
	GlobalSection(SolutionProperties) = preSolution
		HideSolutionNode = FALSE
	EndGlobalSection
	GlobalSection(ExtensibilityGlobals) = postSolution
		SolutionGuid = {5AC98F58-57FA-4C1E-BCE5-83805A4551F9}
	EndGlobalSection
EndGlobal
