
Microsoft Visual Studio Solution File, Format Version 12.00
# Visual Studio Version 16
VisualStudioVersion = 16.0.30503.244
MinimumVisualStudioVersion = 10.0.40219.1
Project("{FAE04EC0-301F-11D3-BF4B-00C04F79EFBC}") = "test", "test\test.csproj", "{14542450-F995-4427-BA25-9C4517B6FBEC}"
EndProject
Global
	GlobalSection(SolutionConfigurationPlatforms) = preSolution
		Debug|Any CPU = Debug|Any CPU
		Release|Any CPU = Release|Any CPU
	EndGlobalSection
	GlobalSection(ProjectConfigurationPlatforms) = postSolution
		{14542450-F995-4427-BA25-9C4517B6FBEC}.Debug|Any CPU.ActiveCfg = Debug|Any CPU
		{14542450-F995-4427-BA25-9C4517B6FBEC}.Debug|Any CPU.Build.0 = Debug|Any CPU
		{14542450-F995-4427-BA25-9C4517B6FBEC}.Release|Any CPU.ActiveCfg = Release|Any CPU
		{14542450-F995-4427-BA25-9C4517B6FBEC}.Release|Any CPU.Build.0 = Release|Any CPU
	EndGlobalSection
	GlobalSection(SolutionProperties) = preSolution
		HideSolutionNode = FALSE
	EndGlobalSection
	GlobalSection(ExtensibilityGlobals) = postSolution
		SolutionGuid = {D73FBE42-B843-4E3B-B539-A404DA88A507}
	EndGlobalSection
EndGlobal
