
Microsoft Visual Studio Solution File, Format Version 12.00
# Visual Studio Version 16
VisualStudioVersion = 16.0.30503.244
MinimumVisualStudioVersion = 10.0.40219.1
Project("{FAE04EC0-301F-11D3-BF4B-00C04F79EFBC}") = "codingtestpractice", "codingtestpractice\codingtestpractice.csproj", "{761478D8-CAC5-41D7-ABA2-038164970EC9}"
EndProject
Global
	GlobalSection(SolutionConfigurationPlatforms) = preSolution
		Debug|Any CPU = Debug|Any CPU
		Release|Any CPU = Release|Any CPU
	EndGlobalSection
	GlobalSection(ProjectConfigurationPlatforms) = postSolution
		{761478D8-CAC5-41D7-ABA2-038164970EC9}.Debug|Any CPU.ActiveCfg = Debug|Any CPU
		{761478D8-CAC5-41D7-ABA2-038164970EC9}.Debug|Any CPU.Build.0 = Debug|Any CPU
		{761478D8-CAC5-41D7-ABA2-038164970EC9}.Release|Any CPU.ActiveCfg = Release|Any CPU
		{761478D8-CAC5-41D7-ABA2-038164970EC9}.Release|Any CPU.Build.0 = Release|Any CPU
	EndGlobalSection
	GlobalSection(SolutionProperties) = preSolution
		HideSolutionNode = FALSE
	EndGlobalSection
	GlobalSection(ExtensibilityGlobals) = postSolution
		SolutionGuid = {FB03A098-46D1-43DC-A8A0-BAA96B743F6E}
	EndGlobalSection
EndGlobal
