
Microsoft Visual Studio Solution File, Format Version 12.00
# Visual Studio Version 16
VisualStudioVersion = 16.0.29215.179
MinimumVisualStudioVersion = 10.0.40219.1
Project("{FAE04EC0-301F-11D3-BF4B-00C04F79EFBC}") = "cs rpg game", "cs rpg game\cs rpg game.csproj", "{BD6BF62F-4DAE-4502-B71E-FDF82266AEB0}"
EndProject
Global
	GlobalSection(SolutionConfigurationPlatforms) = preSolution
		Debug|Any CPU = Debug|Any CPU
		Release|Any CPU = Release|Any CPU
	EndGlobalSection
	GlobalSection(ProjectConfigurationPlatforms) = postSolution
		{BD6BF62F-4DAE-4502-B71E-FDF82266AEB0}.Debug|Any CPU.ActiveCfg = Debug|Any CPU
		{BD6BF62F-4DAE-4502-B71E-FDF82266AEB0}.Debug|Any CPU.Build.0 = Debug|Any CPU
		{BD6BF62F-4DAE-4502-B71E-FDF82266AEB0}.Release|Any CPU.ActiveCfg = Release|Any CPU
		{BD6BF62F-4DAE-4502-B71E-FDF82266AEB0}.Release|Any CPU.Build.0 = Release|Any CPU
	EndGlobalSection
	GlobalSection(SolutionProperties) = preSolution
		HideSolutionNode = FALSE
	EndGlobalSection
	GlobalSection(ExtensibilityGlobals) = postSolution
		SolutionGuid = {E65ED673-EB9D-4DD3-830F-DA4BFE6F5DD4}
	EndGlobalSection
EndGlobal
