
Microsoft Visual Studio Solution File, Format Version 12.00
# Visual Studio Version 16
VisualStudioVersion = 16.0.29215.179
MinimumVisualStudioVersion = 10.0.40219.1
Project("{FAE04EC0-301F-11D3-BF4B-00C04F79EFBC}") = "RGP", "RGP\RGP.csproj", "{15C8CF0D-01DE-4F20-8CBD-5ABB3D7D2951}"
EndProject
Global
	GlobalSection(SolutionConfigurationPlatforms) = preSolution
		Debug|Any CPU = Debug|Any CPU
		Release|Any CPU = Release|Any CPU
	EndGlobalSection
	GlobalSection(ProjectConfigurationPlatforms) = postSolution
		{15C8CF0D-01DE-4F20-8CBD-5ABB3D7D2951}.Debug|Any CPU.ActiveCfg = Debug|Any CPU
		{15C8CF0D-01DE-4F20-8CBD-5ABB3D7D2951}.Debug|Any CPU.Build.0 = Debug|Any CPU
		{15C8CF0D-01DE-4F20-8CBD-5ABB3D7D2951}.Release|Any CPU.ActiveCfg = Release|Any CPU
		{15C8CF0D-01DE-4F20-8CBD-5ABB3D7D2951}.Release|Any CPU.Build.0 = Release|Any CPU
	EndGlobalSection
	GlobalSection(SolutionProperties) = preSolution
		HideSolutionNode = FALSE
	EndGlobalSection
	GlobalSection(ExtensibilityGlobals) = postSolution
		SolutionGuid = {77DD7639-AA4A-4912-84F4-421A6734908D}
	EndGlobalSection
EndGlobal
